
Microsoft Visual Studio Solution File, Format Version 12.00
# Visual Studio Version 17
VisualStudioVersion = 17.4.33403.182
MinimumVisualStudioVersion = 10.0.40219.1
Project("{FAE04EC0-301F-11D3-BF4B-00C04F79EFBC}") = "Projet contact", "Projet contact.csproj", "{1D30FC37-4DF9-47D8-81FF-53A44876FA98}"
EndProject
Global
	GlobalSection(SolutionConfigurationPlatforms) = preSolution
		Debug|Any CPU = Debug|Any CPU
		Release|Any CPU = Release|Any CPU
	EndGlobalSection
	GlobalSection(ProjectConfigurationPlatforms) = postSolution
		{1D30FC37-4DF9-47D8-81FF-53A44876FA98}.Debug|Any CPU.ActiveCfg = Debug|Any CPU
		{1D30FC37-4DF9-47D8-81FF-53A44876FA98}.Debug|Any CPU.Build.0 = Debug|Any CPU
		{1D30FC37-4DF9-47D8-81FF-53A44876FA98}.Release|Any CPU.ActiveCfg = Release|Any CPU
		{1D30FC37-4DF9-47D8-81FF-53A44876FA98}.Release|Any CPU.Build.0 = Release|Any CPU
	EndGlobalSection
	GlobalSection(SolutionProperties) = preSolution
		HideSolutionNode = FALSE
	EndGlobalSection
	GlobalSection(ExtensibilityGlobals) = postSolution
		SolutionGuid = {DB1FE5CE-EA6C-4438-AA8E-6E1EECA08A1F}
	EndGlobalSection
EndGlobal
